
Microsoft Visual Studio Solution File, Format Version 12.00
# Visual Studio Version 16
VisualStudioVersion = 16.0.31129.286
MinimumVisualStudioVersion = 10.0.40219.1
Project("{9A19103F-16F7-4668-BE54-9A1E7A4F7556}") = "Dotnet.Simple.Service.Monitoring", "Dotnet.Simple.Service.Monitoring.csproj", "{62BF283C-3E63-4E82-84BD-8775D59F1E25}"
EndProject
Project("{9A19103F-16F7-4668-BE54-9A1E7A4F7556}") = "Dotnet.Simple.Service.Monitoring.Extensions", "..\Dotnet.Simple.Service.Monitoring.Extensions\Dotnet.Simple.Service.Monitoring.Extensions.csproj", "{7979F12D-EE08-4943-8971-63145BD4A1FB}"
EndProject
Project("{FAE04EC0-301F-11D3-BF4B-00C04F79EFBC}") = "Dotnet.Simple.Service.Monitoring.Library", "..\Dotnet.Simple.Service.Monitoring.Library\Dotnet.Simple.Service.Monitoring.Library.csproj", "{525AC8F3-DE65-4EC1-AD99-CD4ED34CE327}"
EndProject
Global
	GlobalSection(SolutionConfigurationPlatforms) = preSolution
		Debug|Any CPU = Debug|Any CPU
		Release|Any CPU = Release|Any CPU
	EndGlobalSection
	GlobalSection(ProjectConfigurationPlatforms) = postSolution
		{62BF283C-3E63-4E82-84BD-8775D59F1E25}.Debug|Any CPU.ActiveCfg = Debug|Any CPU
		{62BF283C-3E63-4E82-84BD-8775D59F1E25}.Debug|Any CPU.Build.0 = Debug|Any CPU
		{62BF283C-3E63-4E82-84BD-8775D59F1E25}.Release|Any CPU.ActiveCfg = Release|Any CPU
		{62BF283C-3E63-4E82-84BD-8775D59F1E25}.Release|Any CPU.Build.0 = Release|Any CPU
		{7979F12D-EE08-4943-8971-63145BD4A1FB}.Debug|Any CPU.ActiveCfg = Debug|Any CPU
		{7979F12D-EE08-4943-8971-63145BD4A1FB}.Debug|Any CPU.Build.0 = Debug|Any CPU
		{7979F12D-EE08-4943-8971-63145BD4A1FB}.Release|Any CPU.ActiveCfg = Release|Any CPU
		{7979F12D-EE08-4943-8971-63145BD4A1FB}.Release|Any CPU.Build.0 = Release|Any CPU
		{525AC8F3-DE65-4EC1-AD99-CD4ED34CE327}.Debug|Any CPU.ActiveCfg = Debug|Any CPU
		{525AC8F3-DE65-4EC1-AD99-CD4ED34CE327}.Debug|Any CPU.Build.0 = Debug|Any CPU
		{525AC8F3-DE65-4EC1-AD99-CD4ED34CE327}.Release|Any CPU.ActiveCfg = Release|Any CPU
		{525AC8F3-DE65-4EC1-AD99-CD4ED34CE327}.Release|Any CPU.Build.0 = Release|Any CPU
	EndGlobalSection
	GlobalSection(SolutionProperties) = preSolution
		HideSolutionNode = FALSE
	EndGlobalSection
	GlobalSection(ExtensibilityGlobals) = postSolution
		SolutionGuid = {63117BB9-786F-47D5-8359-9B50EA3A153D}
	EndGlobalSection
EndGlobal
