
Microsoft Visual Studio Solution File, Format Version 12.00
# Visual Studio Version 17
VisualStudioVersion = 17.4.33403.182
MinimumVisualStudioVersion = 10.0.40219.1
Project("{9A19103F-16F7-4668-BE54-9A1E7A4F7556}") = "Simple.Service.Monitoring", "Simple.Service.Monitoring.csproj", "{62BF283C-3E63-4E82-84BD-8775D59F1E25}"
EndProject
Project("{9A19103F-16F7-4668-BE54-9A1E7A4F7556}") = "Simple.Service.Monitoring.Extensions", "..\Simple.Service.Monitoring.Extensions\Simple.Service.Monitoring.Extensions.csproj", "{5DB92D9B-0607-40DC-92FD-F642A7861C9C}"
EndProject
Project("{9A19103F-16F7-4668-BE54-9A1E7A4F7556}") = "Simple.Service.Monitoring.Library", "..\Simple.Service.Monitoring.Library\Simple.Service.Monitoring.Library.csproj", "{5365062A-6110-492C-BE85-3EF1E19A038D}"
EndProject
Project("{9A19103F-16F7-4668-BE54-9A1E7A4F7556}") = "Simple.Service.Monitoring.Tests", "..\Simple.Service.Monitoring.Tests\Simple.Service.Monitoring.Tests.csproj", "{B51838FD-2BC7-4801-A81D-29F1F4FD8112}"
EndProject
Project("{9A19103F-16F7-4668-BE54-9A1E7A4F7556}") = "Simple.Service.Monitoring.UI.Extensions", "..\Simple.Service.Monitoring.UI.Extensions\Simple.Service.Monitoring.UI.Extensions.csproj", "{C7DEB940-701B-483D-9F7E-30AA1E65230A}"
EndProject
Project("{9A19103F-16F7-4668-BE54-9A1E7A4F7556}") = "Simple.Service.Monitoring.Sample.API", "..\Simple.Service.Monitoring.Sample.API\Simple.Service.Monitoring.Sample.API.csproj", "{0931937B-D7AF-4C09-837A-BD3F01B8BA0B}"
EndProject
Project("{FAE04EC0-301F-11D3-BF4B-00C04F79EFBC}") = "Simple.Service.Monitoring.Config.Generator", "..\Simple.Service.Monitoring.Config.Generator\Simple.Service.Monitoring.Config.Generator.csproj", "{7E2A07A7-33E8-4258-BD53-2F3F598DF6EC}"
EndProject
Project("{FAE04EC0-301F-11D3-BF4B-00C04F79EFBC}") = "Simple.Service.Monitoring.UI", "..\Simple.Service.Monitoring.UI\Simple.Service.Monitoring.UI.csproj", "{12734D32-2FD3-4189-A4B7-36C59B984C57}"
EndProject
Global
	GlobalSection(SolutionConfigurationPlatforms) = preSolution
		Debug|Any CPU = Debug|Any CPU
		Release|Any CPU = Release|Any CPU
	EndGlobalSection
	GlobalSection(ProjectConfigurationPlatforms) = postSolution
		{62BF283C-3E63-4E82-84BD-8775D59F1E25}.Debug|Any CPU.ActiveCfg = Debug|Any CPU
		{62BF283C-3E63-4E82-84BD-8775D59F1E25}.Debug|Any CPU.Build.0 = Debug|Any CPU
		{62BF283C-3E63-4E82-84BD-8775D59F1E25}.Release|Any CPU.ActiveCfg = Release|Any CPU
		{62BF283C-3E63-4E82-84BD-8775D59F1E25}.Release|Any CPU.Build.0 = Release|Any CPU
		{5DB92D9B-0607-40DC-92FD-F642A7861C9C}.Debug|Any CPU.ActiveCfg = Debug|Any CPU
		{5DB92D9B-0607-40DC-92FD-F642A7861C9C}.Debug|Any CPU.Build.0 = Debug|Any CPU
		{5DB92D9B-0607-40DC-92FD-F642A7861C9C}.Release|Any CPU.ActiveCfg = Release|Any CPU
		{5DB92D9B-0607-40DC-92FD-F642A7861C9C}.Release|Any CPU.Build.0 = Release|Any CPU
		{5365062A-6110-492C-BE85-3EF1E19A038D}.Debug|Any CPU.ActiveCfg = Debug|Any CPU
		{5365062A-6110-492C-BE85-3EF1E19A038D}.Debug|Any CPU.Build.0 = Debug|Any CPU
		{5365062A-6110-492C-BE85-3EF1E19A038D}.Release|Any CPU.ActiveCfg = Release|Any CPU
		{5365062A-6110-492C-BE85-3EF1E19A038D}.Release|Any CPU.Build.0 = Release|Any CPU
		{B51838FD-2BC7-4801-A81D-29F1F4FD8112}.Debug|Any CPU.ActiveCfg = Debug|Any CPU
		{B51838FD-2BC7-4801-A81D-29F1F4FD8112}.Debug|Any CPU.Build.0 = Debug|Any CPU
		{B51838FD-2BC7-4801-A81D-29F1F4FD8112}.Release|Any CPU.ActiveCfg = Release|Any CPU
		{B51838FD-2BC7-4801-A81D-29F1F4FD8112}.Release|Any CPU.Build.0 = Release|Any CPU
		{C7DEB940-701B-483D-9F7E-30AA1E65230A}.Debug|Any CPU.ActiveCfg = Debug|Any CPU
		{C7DEB940-701B-483D-9F7E-30AA1E65230A}.Debug|Any CPU.Build.0 = Debug|Any CPU
		{C7DEB940-701B-483D-9F7E-30AA1E65230A}.Release|Any CPU.ActiveCfg = Release|Any CPU
		{C7DEB940-701B-483D-9F7E-30AA1E65230A}.Release|Any CPU.Build.0 = Release|Any CPU
		{0931937B-D7AF-4C09-837A-BD3F01B8BA0B}.Debug|Any CPU.ActiveCfg = Debug|Any CPU
		{0931937B-D7AF-4C09-837A-BD3F01B8BA0B}.Debug|Any CPU.Build.0 = Debug|Any CPU
		{0931937B-D7AF-4C09-837A-BD3F01B8BA0B}.Release|Any CPU.ActiveCfg = Release|Any CPU
		{0931937B-D7AF-4C09-837A-BD3F01B8BA0B}.Release|Any CPU.Build.0 = Release|Any CPU
		{7E2A07A7-33E8-4258-BD53-2F3F598DF6EC}.Debug|Any CPU.ActiveCfg = Debug|Any CPU
		{7E2A07A7-33E8-4258-BD53-2F3F598DF6EC}.Debug|Any CPU.Build.0 = Debug|Any CPU
		{7E2A07A7-33E8-4258-BD53-2F3F598DF6EC}.Release|Any CPU.ActiveCfg = Release|Any CPU
		{7E2A07A7-33E8-4258-BD53-2F3F598DF6EC}.Release|Any CPU.Build.0 = Release|Any CPU
		{12734D32-2FD3-4189-A4B7-36C59B984C57}.Debug|Any CPU.ActiveCfg = Debug|Any CPU
		{12734D32-2FD3-4189-A4B7-36C59B984C57}.Debug|Any CPU.Build.0 = Debug|Any CPU
		{12734D32-2FD3-4189-A4B7-36C59B984C57}.Release|Any CPU.ActiveCfg = Release|Any CPU
		{12734D32-2FD3-4189-A4B7-36C59B984C57}.Release|Any CPU.Build.0 = Release|Any CPU
	EndGlobalSection
	GlobalSection(SolutionProperties) = preSolution
		HideSolutionNode = FALSE
	EndGlobalSection
	GlobalSection(ExtensibilityGlobals) = postSolution
		SolutionGuid = {63117BB9-786F-47D5-8359-9B50EA3A153D}
	EndGlobalSection
EndGlobal
